
Microsoft Visual Studio Solution File, Format Version 12.00
# Visual Studio Version 17
VisualStudioVersion = 17.5.33530.505
MinimumVisualStudioVersion = 10.0.40219.1
Project("{FAE04EC0-301F-11D3-BF4B-00C04F79EFBC}") = "WalletApp", "WalletApp\WalletApp.csproj", "{C92D50FB-F36D-428B-9700-C211B10A2F63}"
EndProject
Global
	GlobalSection(SolutionConfigurationPlatforms) = preSolution
		Debug|Any CPU = Debug|Any CPU
		Release|Any CPU = Release|Any CPU
	EndGlobalSection
	GlobalSection(ProjectConfigurationPlatforms) = postSolution
		{C92D50FB-F36D-428B-9700-C211B10A2F63}.Debug|Any CPU.ActiveCfg = Debug|Any CPU
		{C92D50FB-F36D-428B-9700-C211B10A2F63}.Debug|Any CPU.Build.0 = Debug|Any CPU
		{C92D50FB-F36D-428B-9700-C211B10A2F63}.Release|Any CPU.ActiveCfg = Release|Any CPU
		{C92D50FB-F36D-428B-9700-C211B10A2F63}.Release|Any CPU.Build.0 = Release|Any CPU
	EndGlobalSection
	GlobalSection(SolutionProperties) = preSolution
		HideSolutionNode = FALSE
	EndGlobalSection
	GlobalSection(ExtensibilityGlobals) = postSolution
		SolutionGuid = {0D533AC5-1C6C-4CBA-9D2D-E11CDE50ACDA}
	EndGlobalSection
EndGlobal
